// !$*UTF8*$!
{
	archiveVersion = 1;
	classes = {
	};
	objectVersion = 77;
	objects = {

/* Begin PBXContainerItemProxy section */
		6F13F24F2DDB005B006E71DD /* PBXContainerItemProxy */ = {
			isa = PBXContainerItemProxy;
			containerPortal = 6F13F2392DDB0059006E71DD /* Project object */;
			proxyType = 1;
			remoteGlobalIDString = 6F13F2402DDB0059006E71DD;
			remoteInfo = "Feelim-ios";
		};
		6F13F2592DDB005B006E71DD /* PBXContainerItemProxy */ = {
			isa = PBXContainerItemProxy;
			containerPortal = 6F13F2392DDB0059006E71DD /* Project object */;
			proxyType = 1;
			remoteGlobalIDString = 6F13F2402DDB0059006E71DD;
			remoteInfo = "Feelim-ios";
		};
/* End PBXContainerItemProxy section */

/* Begin PBXFileReference section */
		6F13F2412DDB0059006E71DD /* Feelim-ios.app */ = {isa = PBXFileReference; explicitFileType = wrapper.application; includeInIndex = 0; path = "Feelim-ios.app"; sourceTree = BUILT_PRODUCTS_DIR; };
		6F13F24E2DDB005B006E71DD /* Feelim-iosTests.xctest */ = {isa = PBXFileReference; explicitFileType = wrapper.cfbundle; includeInIndex = 0; path = "Feelim-iosTests.xctest"; sourceTree = BUILT_PRODUCTS_DIR; };
		6F13F2582DDB005B006E71DD /* Feelim-iosUITests.xctest */ = {isa = PBXFileReference; explicitFileType = wrapper.cfbundle; includeInIndex = 0; path = "Feelim-iosUITests.xctest"; sourceTree = BUILT_PRODUCTS_DIR; };
/* End PBXFileReference section */

/* Begin PBXFileSystemSynchronizedBuildFileExceptionSet section */
		6F850C152DF1D8CE00C54132 /* Exceptions for "Feelim-ios" folder in "Feelim-ios" target */ = {
			isa = PBXFileSystemSynchronizedBuildFileExceptionSet;
			membershipExceptions = (
				Info.plist,
			);
			target = 6F13F2402DDB0059006E71DD /* Feelim-ios */;
		};
/* End PBXFileSystemSynchronizedBuildFileExceptionSet section */

/* Begin PBXFileSystemSynchronizedRootGroup section */
		6F13F2432DDB0059006E71DD /* Feelim-ios */ = {
			isa = PBXFileSystemSynchronizedRootGroup;
			exceptions = (
				6F850C152DF1D8CE00C54132 /* Exceptions for "Feelim-ios" folder in "Feelim-ios" target */,
			);
			path = "Feelim-ios";
			sourceTree = "<group>";
		};
		6F13F2512DDB005B006E71DD /* Feelim-iosTests */ = {
			isa = PBXFileSystemSynchronizedRootGroup;
			path = "Feelim-iosTests";
			sourceTree = "<group>";
		};
		6F13F25B2DDB005B006E71DD /* Feelim-iosUITests */ = {
			isa = PBXFileSystemSynchronizedRootGroup;
			path = "Feelim-iosUITests";
			sourceTree = "<group>";
		};
/* End PBXFileSystemSynchronizedRootGroup section */

/* Begin PBXFrameworksBuildPhase section */
		6F13F23E2DDB0059006E71DD /* Frameworks */ = {
			isa = PBXFrameworksBuildPhase;
			buildActionMask = 2147483647;
			files = (
			);
			runOnlyForDeploymentPostprocessing = 0;
		};
		6F13F24B2DDB005B006E71DD /* Frameworks */ = {
			isa = PBXFrameworksBuildPhase;
			buildActionMask = 2147483647;
			files = (
			);
			runOnlyForDeploymentPostprocessing = 0;
		};
		6F13F2552DDB005B006E71DD /* Frameworks */ = {
			isa = PBXFrameworksBuildPhase;
			buildActionMask = 2147483647;
			files = (
			);
			runOnlyForDeploymentPostprocessing = 0;
		};
/* End PBXFrameworksBuildPhase section */

/* Begin PBXGroup section */
		6F13F2382DDB0059006E71DD = {
			isa = PBXGroup;
			children = (
				6F13F2432DDB0059006E71DD /* Feelim-ios */,
				6F13F2512DDB005B006E71DD /* Feelim-iosTests */,
				6F13F25B2DDB005B006E71DD /* Feelim-iosUITests */,
				6F13F2422DDB0059006E71DD /* Products */,
			);
			sourceTree = "<group>";
		};
		6F13F2422DDB0059006E71DD /* Products */ = {
			isa = PBXGroup;
			children = (
				6F13F2412DDB0059006E71DD /* Feelim-ios.app */,
				6F13F24E2DDB005B006E71DD /* Feelim-iosTests.xctest */,
				6F13F2582DDB005B006E71DD /* Feelim-iosUITests.xctest */,
			);
			name = Products;
			sourceTree = "<group>";
		};
/* End PBXGroup section */

/* Begin PBXNativeTarget section */
		6F13F2402DDB0059006E71DD /* Feelim-ios */ = {
			isa = PBXNativeTarget;
			buildConfigurationList = 6F13F2622DDB005B006E71DD /* Build configuration list for PBXNativeTarget "Feelim-ios" */;
			buildPhases = (
				6F13F23D2DDB0059006E71DD /* Sources */,
				6F13F23E2DDB0059006E71DD /* Frameworks */,
				6F13F23F2DDB0059006E71DD /* Resources */,
			);
			buildRules = (
			);
			dependencies = (
			);
			fileSystemSynchronizedGroups = (
				6F13F2432DDB0059006E71DD /* Feelim-ios */,
			);
			name = "Feelim-ios";
			packageProductDependencies = (
			);
			productName = "Feelim-ios";
			productReference = 6F13F2412DDB0059006E71DD /* Feelim-ios.app */;
			productType = "com.apple.product-type.application";
		};
		6F13F24D2DDB005B006E71DD /* Feelim-iosTests */ = {
			isa = PBXNativeTarget;
			buildConfigurationList = 6F13F2652DDB005B006E71DD /* Build configuration list for PBXNativeTarget "Feelim-iosTests" */;
			buildPhases = (
				6F13F24A2DDB005B006E71DD /* Sources */,
				6F13F24B2DDB005B006E71DD /* Frameworks */,
				6F13F24C2DDB005B006E71DD /* Resources */,
			);
			buildRules = (
			);
			dependencies = (
				6F13F2502DDB005B006E71DD /* PBXTargetDependency */,
			);
			fileSystemSynchronizedGroups = (
				6F13F2512DDB005B006E71DD /* Feelim-iosTests */,
			);
			name = "Feelim-iosTests";
			packageProductDependencies = (
			);
			productName = "Feelim-iosTests";
			productReference = 6F13F24E2DDB005B006E71DD /* Feelim-iosTests.xctest */;
			productType = "com.apple.product-type.bundle.unit-test";
		};
		6F13F2572DDB005B006E71DD /* Feelim-iosUITests */ = {
			isa = PBXNativeTarget;
			buildConfigurationList = 6F13F2682DDB005B006E71DD /* Build configuration list for PBXNativeTarget "Feelim-iosUITests" */;
			buildPhases = (
				6F13F2542DDB005B006E71DD /* Sources */,
				6F13F2552DDB005B006E71DD /* Frameworks */,
				6F13F2562DDB005B006E71DD /* Resources */,
			);
			buildRules = (
			);
			dependencies = (
				6F13F25A2DDB005B006E71DD /* PBXTargetDependency */,
			);
			fileSystemSynchronizedGroups = (
				6F13F25B2DDB005B006E71DD /* Feelim-iosUITests */,
			);
			name = "Feelim-iosUITests";
			packageProductDependencies = (
			);
			productName = "Feelim-iosUITests";
			productReference = 6F13F2582DDB005B006E71DD /* Feelim-iosUITests.xctest */;
			productType = "com.apple.product-type.bundle.ui-testing";
		};
/* End PBXNativeTarget section */

/* Begin PBXProject section */
		6F13F2392DDB0059006E71DD /* Project object */ = {
			isa = PBXProject;
			attributes = {
				BuildIndependentTargetsInParallel = 1;
				LastSwiftUpdateCheck = 1630;
				LastUpgradeCheck = 1630;
				TargetAttributes = {
					6F13F2402DDB0059006E71DD = {
						CreatedOnToolsVersion = 16.3;
					};
					6F13F24D2DDB005B006E71DD = {
						CreatedOnToolsVersion = 16.3;
						TestTargetID = 6F13F2402DDB0059006E71DD;
					};
					6F13F2572DDB005B006E71DD = {
						CreatedOnToolsVersion = 16.3;
						TestTargetID = 6F13F2402DDB0059006E71DD;
					};
				};
			};
			buildConfigurationList = 6F13F23C2DDB0059006E71DD /* Build configuration list for PBXProject "Feelim-ios" */;
			developmentRegion = en;
			hasScannedForEncodings = 0;
			knownRegions = (
				en,
				Base,
			);
			mainGroup = 6F13F2382DDB0059006E71DD;
			minimizedProjectReferenceProxies = 1;
			preferredProjectObjectVersion = 77;
			productRefGroup = 6F13F2422DDB0059006E71DD /* Products */;
			projectDirPath = "";
			projectRoot = "";
			targets = (
				6F13F2402DDB0059006E71DD /* Feelim-ios */,
				6F13F24D2DDB005B006E71DD /* Feelim-iosTests */,
				6F13F2572DDB005B006E71DD /* Feelim-iosUITests */,
			);
		};
/* End PBXProject section */

/* Begin PBXResourcesBuildPhase section */
		6F13F23F2DDB0059006E71DD /* Resources */ = {
			isa = PBXResourcesBuildPhase;
			buildActionMask = 2147483647;
			files = (
			);
			runOnlyForDeploymentPostprocessing = 0;
		};
		6F13F24C2DDB005B006E71DD /* Resources */ = {
			isa = PBXResourcesBuildPhase;
			buildActionMask = 2147483647;
			files = (
			);
			runOnlyForDeploymentPostprocessing = 0;
		};
		6F13F2562DDB005B006E71DD /* Resources */ = {
			isa = PBXResourcesBuildPhase;
			buildActionMask = 2147483647;
			files = (
			);
			runOnlyForDeploymentPostprocessing = 0;
		};
/* End PBXResourcesBuildPhase section */

/* Begin PBXSourcesBuildPhase section */
		6F13F23D2DDB0059006E71DD /* Sources */ = {
			isa = PBXSourcesBuildPhase;
			buildActionMask = 2147483647;
			files = (
			);
			runOnlyForDeploymentPostprocessing = 0;
		};
		6F13F24A2DDB005B006E71DD /* Sources */ = {
			isa = PBXSourcesBuildPhase;
			buildActionMask = 2147483647;
			files = (
			);
			runOnlyForDeploymentPostprocessing = 0;
		};
		6F13F2542DDB005B006E71DD /* Sources */ = {
			isa = PBXSourcesBuildPhase;
			buildActionMask = 2147483647;
			files = (
			);
			runOnlyForDeploymentPostprocessing = 0;
		};
/* End PBXSourcesBuildPhase section */

/* Begin PBXTargetDependency section */
		6F13F2502DDB005B006E71DD /* PBXTargetDependency */ = {
			isa = PBXTargetDependency;
			target = 6F13F2402DDB0059006E71DD /* Feelim-ios */;
			targetProxy = 6F13F24F2DDB005B006E71DD /* PBXContainerItemProxy */;
		};
		6F13F25A2DDB005B006E71DD /* PBXTargetDependency */ = {
			isa = PBXTargetDependency;
			target = 6F13F2402DDB0059006E71DD /* Feelim-ios */;
			targetProxy = 6F13F2592DDB005B006E71DD /* PBXContainerItemProxy */;
		};
/* End PBXTargetDependency section */

/* Begin XCBuildConfiguration section */
		6F13F2602DDB005B006E71DD /* Debug */ = {
			isa = XCBuildConfiguration;
			buildSettings = {
				ALWAYS_SEARCH_USER_PATHS = NO;
				ASSETCATALOG_COMPILER_GENERATE_SWIFT_ASSET_SYMBOL_EXTENSIONS = YES;
				CLANG_ANALYZER_NONNULL = YES;
				CLANG_ANALYZER_NUMBER_OBJECT_CONVERSION = YES_AGGRESSIVE;
				CLANG_CXX_LANGUAGE_STANDARD = "gnu++20";
				CLANG_ENABLE_MODULES = YES;
				CLANG_ENABLE_OBJC_ARC = YES;
				CLANG_ENABLE_OBJC_WEAK = YES;
				CLANG_WARN_BLOCK_CAPTURE_AUTORELEASING = YES;
				CLANG_WARN_BOOL_CONVERSION = YES;
				CLANG_WARN_COMMA = YES;
				CLANG_WARN_CONSTANT_CONVERSION = YES;
				CLANG_WARN_DEPRECATED_OBJC_IMPLEMENTATIONS = YES;
				CLANG_WARN_DIRECT_OBJC_ISA_USAGE = YES_ERROR;
				CLANG_WARN_DOCUMENTATION_COMMENTS = YES;
				CLANG_WARN_EMPTY_BODY = YES;
				CLANG_WARN_ENUM_CONVERSION = YES;
				CLANG_WARN_INFINITE_RECURSION = YES;
				CLANG_WARN_INT_CONVERSION = YES;
				CLANG_WARN_NON_LITERAL_NULL_CONVERSION = YES;
				CLANG_WARN_OBJC_IMPLICIT_RETAIN_SELF = YES;
				CLANG_WARN_OBJC_LITERAL_CONVERSION = YES;
				CLANG_WARN_OBJC_ROOT_CLASS = YES_ERROR;
				CLANG_WARN_QUOTED_INCLUDE_IN_FRAMEWORK_HEADER = YES;
				CLANG_WARN_RANGE_LOOP_ANALYSIS = YES;
				CLANG_WARN_STRICT_PROTOTYPES = YES;
				CLANG_WARN_SUSPICIOUS_MOVE = YES;
				CLANG_WARN_UNGUARDED_AVAILABILITY = YES_AGGRESSIVE;
				CLANG_WARN_UNREACHABLE_CODE = YES;
				CLANG_WARN__DUPLICATE_METHOD_MATCH = YES;
				COPY_PHASE_STRIP = NO;
				DEBUG_INFORMATION_FORMAT = dwarf;
				ENABLE_STRICT_OBJC_MSGSEND = YES;
				ENABLE_TESTABILITY = YES;
				ENABLE_USER_SCRIPT_SANDBOXING = YES;
				GCC_C_LANGUAGE_STANDARD = gnu17;
				GCC_DYNAMIC_NO_PIC = NO;
				GCC_NO_COMMON_BLOCKS = YES;
				GCC_OPTIMIZATION_LEVEL = 0;
				GCC_PREPROCESSOR_DEFINITIONS = (
					"DEBUG=1",
					"$(inherited)",
				);
				GCC_WARN_64_TO_32_BIT_CONVERSION = YES;
				GCC_WARN_ABOUT_RETURN_TYPE = YES_ERROR;
				GCC_WARN_UNDECLARED_SELECTOR = YES;
				GCC_WARN_UNINITIALIZED_AUTOS = YES_AGGRESSIVE;
				GCC_WARN_UNUSED_FUNCTION = YES;
				GCC_WARN_UNUSED_VARIABLE = YES;
				IPHONEOS_DEPLOYMENT_TARGET = 18.4;
				LOCALIZATION_PREFERS_STRING_CATALOGS = YES;
				MTL_ENABLE_DEBUG_INFO = INCLUDE_SOURCE;
				MTL_FAST_MATH = YES;
				ONLY_ACTIVE_ARCH = YES;
				SDKROOT = iphoneos;
				SWIFT_ACTIVE_COMPILATION_CONDITIONS = "DEBUG $(inherited)";
				SWIFT_OPTIMIZATION_LEVEL = "-Onone";
			};
			name = Debug;
		};
		6F13F2612DDB005B006E71DD /* Release */ = {
			isa = XCBuildConfiguration;
			buildSettings = {
				ALWAYS_SEARCH_USER_PATHS = NO;
				ASSETCATALOG_COMPILER_GENERATE_SWIFT_ASSET_SYMBOL_EXTENSIONS = YES;
				CLANG_ANALYZER_NONNULL = YES;
				CLANG_ANALYZER_NUMBER_OBJECT_CONVERSION = YES_AGGRESSIVE;
				CLANG_CXX_LANGUAGE_STANDARD = "gnu++20";
				CLANG_ENABLE_MODULES = YES;
				CLANG_ENABLE_OBJC_ARC = YES;
				CLANG_ENABLE_OBJC_WEAK = YES;
				CLANG_WARN_BLOCK_CAPTURE_AUTORELEASING = YES;
				CLANG_WARN_BOOL_CONVERSION = YES;
				CLANG_WARN_COMMA = YES;
				CLANG_WARN_CONSTANT_CONVERSION = YES;
				CLANG_WARN_DEPRECATED_OBJC_IMPLEMENTATIONS = YES;
				CLANG_WARN_DIRECT_OBJC_ISA_USAGE = YES_ERROR;
				CLANG_WARN_DOCUMENTATION_COMMENTS = YES;
				CLANG_WARN_EMPTY_BODY = YES;
				CLANG_WARN_ENUM_CONVERSION = YES;
				CLANG_WARN_INFINITE_RECURSION = YES;
				CLANG_WARN_INT_CONVERSION = YES;
				CLANG_WARN_NON_LITERAL_NULL_CONVERSION = YES;
				CLANG_WARN_OBJC_IMPLICIT_RETAIN_SELF = YES;
				CLANG_WARN_OBJC_LITERAL_CONVERSION = YES;
				CLANG_WARN_OBJC_ROOT_CLASS = YES_ERROR;
				CLANG_WARN_QUOTED_INCLUDE_IN_FRAMEWORK_HEADER = YES;
				CLANG_WARN_RANGE_LOOP_ANALYSIS = YES;
				CLANG_WARN_STRICT_PROTOTYPES = YES;
				CLANG_WARN_SUSPICIOUS_MOVE = YES;
				CLANG_WARN_UNGUARDED_AVAILABILITY = YES_AGGRESSIVE;
				CLANG_WARN_UNREACHABLE_CODE = YES;
				CLANG_WARN__DUPLICATE_METHOD_MATCH = YES;
				COPY_PHASE_STRIP = NO;
				DEBUG_INFORMATION_FORMAT = "dwarf-with-dsym";
				ENABLE_NS_ASSERTIONS = NO;
				ENABLE_STRICT_OBJC_MSGSEND = YES;
				ENABLE_USER_SCRIPT_SANDBOXING = YES;
				GCC_C_LANGUAGE_STANDARD = gnu17;
				GCC_NO_COMMON_BLOCKS = YES;
				GCC_WARN_64_TO_32_BIT_CONVERSION = YES;
				GCC_WARN_ABOUT_RETURN_TYPE = YES_ERROR;
				GCC_WARN_UNDECLARED_SELECTOR = YES;
				GCC_WARN_UNINITIALIZED_AUTOS = YES_AGGRESSIVE;
				GCC_WARN_UNUSED_FUNCTION = YES;
				GCC_WARN_UNUSED_VARIABLE = YES;
				IPHONEOS_DEPLOYMENT_TARGET = 18.4;
				LOCALIZATION_PREFERS_STRING_CATALOGS = YES;
				MTL_ENABLE_DEBUG_INFO = NO;
				MTL_FAST_MATH = YES;
				SDKROOT = iphoneos;
				SWIFT_COMPILATION_MODE = wholemodule;
				VALIDATE_PRODUCT = YES;
			};
			name = Release;
		};
		6F13F2632DDB005B006E71DD /* Debug */ = {
			isa = XCBuildConfiguration;
			buildSettings = {
				ASSETCATALOG_COMPILER_APPICON_NAME = AppIcon;
				ASSETCATALOG_COMPILER_GLOBAL_ACCENT_COLOR_NAME = AccentColor;
				CODE_SIGN_STYLE = Automatic;
				CURRENT_PROJECT_VERSION = 1;
				ENABLE_PREVIEWS = YES;
				GENERATE_INFOPLIST_FILE = NO;
				INFOPLIST_FILE = "Feelim-ios/Info.plist";
				INFOPLIST_KEY_UIApplicationSceneManifest_Generation = YES;
				INFOPLIST_KEY_UIApplicationSupportsIndirectInputEvents = YES;
				INFOPLIST_KEY_UILaunchScreen_Generation = YES;
				INFOPLIST_KEY_UISupportedInterfaceOrientations_iPad = "UIInterfaceOrientationPortrait UIInterfaceOrientationPortraitUpsideDown UIInterfaceOrientationLandscapeLeft UIInterfaceOrientationLandscapeRight";
				INFOPLIST_KEY_UISupportedInterfaceOrientations_iPhone = "UIInterfaceOrientationPortrait UIInterfaceOrientationLandscapeLeft UIInterfaceOrientationLandscapeRight";
				LD_RUNPATH_SEARCH_PATHS = (
					"$(inherited)",
					"@executable_path/Frameworks",
				);
				MARKETING_VERSION = 1.0;
				PRODUCT_BUNDLE_IDENTIFIER = "com.dongin.Feelim-ios";
				PRODUCT_NAME = "$(TARGET_NAME)";
				SWIFT_EMIT_LOC_STRINGS = YES;
				SWIFT_VERSION = 5.0;
				TARGETED_DEVICE_FAMILY = "1,2";
			};
			name = Debug;
		};
		6F13F2642DDB005B006E71DD /* Release */ = {
			isa = XCBuildConfiguration;
			buildSettings = {
				ASSETCATALOG_COMPILER_APPICON_NAME = AppIcon;
				ASSETCATALOG_COMPILER_GLOBAL_ACCENT_COLOR_NAME = AccentColor;
				CODE_SIGN_STYLE = Automatic;
				CURRENT_PROJECT_VERSION = 1;
				ENABLE_PREVIEWS = YES;
				GENERATE_INFOPLIST_FILE = NO;
				INFOPLIST_FILE = "Feelim-ios/Info.plist";
				INFOPLIST_KEY_UIApplicationSceneManifest_Generation = YES;
				INFOPLIST_KEY_UIApplicationSupportsIndirectInputEvents = YES;
				INFOPLIST_KEY_UILaunchScreen_Generation = YES;
				INFOPLIST_KEY_UISupportedInterfaceOrientations_iPad = "UIInterfaceOrientationPortrait UIInterfaceOrientationPortraitUpsideDown UIInterfaceOrientationLandscapeLeft UIInterfaceOrientationLandscapeRight";
				INFOPLIST_KEY_UISupportedInterfaceOrientations_iPhone = "UIInterfaceOrientationPortrait UIInterfaceOrientationLandscapeLeft UIInterfaceOrientationLandscapeRight";
				LD_RUNPATH_SEARCH_PATHS = (
					"$(inherited)",
					"@executable_path/Frameworks",
				);
				MARKETING_VERSION = 1.0;
				PRODUCT_BUNDLE_IDENTIFIER = "com.dongin.Feelim-ios";
				PRODUCT_NAME = "$(TARGET_NAME)";
				SWIFT_EMIT_LOC_STRINGS = YES;
				SWIFT_VERSION = 5.0;
				TARGETED_DEVICE_FAMILY = "1,2";
			};
			name = Release;
		};
		6F13F2662DDB005B006E71DD /* Debug */ = {
			isa = XCBuildConfiguration;
			buildSettings = {
				BUNDLE_LOADER = "$(TEST_HOST)";
				CODE_SIGN_STYLE = Automatic;
				CURRENT_PROJECT_VERSION = 1;
				GENERATE_INFOPLIST_FILE = YES;
				IPHONEOS_DEPLOYMENT_TARGET = 18.4;
				MARKETING_VERSION = 1.0;
				PRODUCT_BUNDLE_IDENTIFIER = "com.dongin.Feelim-iosTests";
				PRODUCT_NAME = "$(TARGET_NAME)";
				SWIFT_EMIT_LOC_STRINGS = NO;
				SWIFT_VERSION = 5.0;
				TARGETED_DEVICE_FAMILY = "1,2";
				TEST_HOST = "$(BUILT_PRODUCTS_DIR)/Feelim-ios.app/$(BUNDLE_EXECUTABLE_FOLDER_PATH)/Feelim-ios";
			};
			name = Debug;
		};
		6F13F2672DDB005B006E71DD /* Release */ = {
			isa = XCBuildConfiguration;
			buildSettings = {
				BUNDLE_LOADER = "$(TEST_HOST)";
				CODE_SIGN_STYLE = Automatic;
				CURRENT_PROJECT_VERSION = 1;
				GENERATE_INFOPLIST_FILE = YES;
				IPHONEOS_DEPLOYMENT_TARGET = 18.4;
				MARKETING_VERSION = 1.0;
				PRODUCT_BUNDLE_IDENTIFIER = "com.dongin.Feelim-iosTests";
				PRODUCT_NAME = "$(TARGET_NAME)";
				SWIFT_EMIT_LOC_STRINGS = NO;
				SWIFT_VERSION = 5.0;
				TARGETED_DEVICE_FAMILY = "1,2";
				TEST_HOST = "$(BUILT_PRODUCTS_DIR)/Feelim-ios.app/$(BUNDLE_EXECUTABLE_FOLDER_PATH)/Feelim-ios";
			};
			name = Release;
		};
		6F13F2692DDB005B006E71DD /* Debug */ = {
			isa = XCBuildConfiguration;
			buildSettings = {
				CODE_SIGN_STYLE = Automatic;
				CURRENT_PROJECT_VERSION = 1;
				GENERATE_INFOPLIST_FILE = YES;
				MARKETING_VERSION = 1.0;
				PRODUCT_BUNDLE_IDENTIFIER = "com.dongin.Feelim-iosUITests";
				PRODUCT_NAME = "$(TARGET_NAME)";
				SWIFT_EMIT_LOC_STRINGS = NO;
				SWIFT_VERSION = 5.0;
				TARGETED_DEVICE_FAMILY = "1,2";
				TEST_TARGET_NAME = "Feelim-ios";
			};
			name = Debug;
		};
		6F13F26A2DDB005B006E71DD /* Release */ = {
			isa = XCBuildConfiguration;
			buildSettings = {
				CODE_SIGN_STYLE = Automatic;
				CURRENT_PROJECT_VERSION = 1;
				GENERATE_INFOPLIST_FILE = YES;
				MARKETING_VERSION = 1.0;
				PRODUCT_BUNDLE_IDENTIFIER = "com.dongin.Feelim-iosUITests";
				PRODUCT_NAME = "$(TARGET_NAME)";
				SWIFT_EMIT_LOC_STRINGS = NO;
				SWIFT_VERSION = 5.0;
				TARGETED_DEVICE_FAMILY = "1,2";
				TEST_TARGET_NAME = "Feelim-ios";
			};
			name = Release;
		};
/* End XCBuildConfiguration section */

/* Begin XCConfigurationList section */
		6F13F23C2DDB0059006E71DD /* Build configuration list for PBXProject "Feelim-ios" */ = {
			isa = XCConfigurationList;
			buildConfigurations = (
				6F13F2602DDB005B006E71DD /* Debug */,
				6F13F2612DDB005B006E71DD /* Release */,
			);
			defaultConfigurationIsVisible = 0;
			defaultConfigurationName = Release;
		};
		6F13F2622DDB005B006E71DD /* Build configuration list for PBXNativeTarget "Feelim-ios" */ = {
			isa = XCConfigurationList;
			buildConfigurations = (
				6F13F2632DDB005B006E71DD /* Debug */,
				6F13F2642DDB005B006E71DD /* Release */,
			);
			defaultConfigurationIsVisible = 0;
			defaultConfigurationName = Release;
		};
		6F13F2652DDB005B006E71DD /* Build configuration list for PBXNativeTarget "Feelim-iosTests" */ = {
			isa = XCConfigurationList;
			buildConfigurations = (
				6F13F2662DDB005B006E71DD /* Debug */,
				6F13F2672DDB005B006E71DD /* Release */,
			);
			defaultConfigurationIsVisible = 0;
			defaultConfigurationName = Release;
		};
		6F13F2682DDB005B006E71DD /* Build configuration list for PBXNativeTarget "Feelim-iosUITests" */ = {
			isa = XCConfigurationList;
			buildConfigurations = (
				6F13F2692DDB005B006E71DD /* Debug */,
				6F13F26A2DDB005B006E71DD /* Release */,
			);
			defaultConfigurationIsVisible = 0;
			defaultConfigurationName = Release;
		};
/* End XCConfigurationList section */
	};
	rootObject = 6F13F2392DDB0059006E71DD /* Project object */;
}
